
Microsoft Visual Studio Solution File, Format Version 12.00
# Visual Studio Version 16
VisualStudioVersion = 16.0.30907.101
MinimumVisualStudioVersion = 10.0.40219.1
Project("{FAE04EC0-301F-11D3-BF4B-00C04F79EFBC}") = "DoAn1ngay", "DoAn1ngay\DoAn1ngay.csproj", "{005D5F1E-52E7-4A12-B6AA-B245292387E0}"
EndProject
Project("{FAE04EC0-301F-11D3-BF4B-00C04F79EFBC}") = "Modbus", "Modbus\Modbus.csproj", "{29F1FC48-E606-4BDB-B61B-B959DF822A2A}"
EndProject
Project("{FAE04EC0-301F-11D3-BF4B-00C04F79EFBC}") = "MySQL", "MySQL\MySQL.csproj", "{694FCD5E-1EF7-4722-B9F6-AB26659E80D6}"
EndProject
Project("{FAE04EC0-301F-11D3-BF4B-00C04F79EFBC}") = "Console Run demo", "Console Run demo\Console Run demo.csproj", "{13927432-25E6-4479-BF2C-5472A919B16D}"
EndProject
Global
	GlobalSection(SolutionConfigurationPlatforms) = preSolution
		Debug|Any CPU = Debug|Any CPU
		Release|Any CPU = Release|Any CPU
	EndGlobalSection
	GlobalSection(ProjectConfigurationPlatforms) = postSolution
		{005D5F1E-52E7-4A12-B6AA-B245292387E0}.Debug|Any CPU.ActiveCfg = Debug|Any CPU
		{005D5F1E-52E7-4A12-B6AA-B245292387E0}.Debug|Any CPU.Build.0 = Debug|Any CPU
		{005D5F1E-52E7-4A12-B6AA-B245292387E0}.Release|Any CPU.ActiveCfg = Release|Any CPU
		{005D5F1E-52E7-4A12-B6AA-B245292387E0}.Release|Any CPU.Build.0 = Release|Any CPU
		{29F1FC48-E606-4BDB-B61B-B959DF822A2A}.Debug|Any CPU.ActiveCfg = Debug|Any CPU
		{29F1FC48-E606-4BDB-B61B-B959DF822A2A}.Debug|Any CPU.Build.0 = Debug|Any CPU
		{29F1FC48-E606-4BDB-B61B-B959DF822A2A}.Release|Any CPU.ActiveCfg = Release|Any CPU
		{29F1FC48-E606-4BDB-B61B-B959DF822A2A}.Release|Any CPU.Build.0 = Release|Any CPU
		{694FCD5E-1EF7-4722-B9F6-AB26659E80D6}.Debug|Any CPU.ActiveCfg = Debug|Any CPU
		{694FCD5E-1EF7-4722-B9F6-AB26659E80D6}.Debug|Any CPU.Build.0 = Debug|Any CPU
		{694FCD5E-1EF7-4722-B9F6-AB26659E80D6}.Release|Any CPU.ActiveCfg = Release|Any CPU
		{694FCD5E-1EF7-4722-B9F6-AB26659E80D6}.Release|Any CPU.Build.0 = Release|Any CPU
		{13927432-25E6-4479-BF2C-5472A919B16D}.Debug|Any CPU.ActiveCfg = Debug|Any CPU
		{13927432-25E6-4479-BF2C-5472A919B16D}.Debug|Any CPU.Build.0 = Debug|Any CPU
		{13927432-25E6-4479-BF2C-5472A919B16D}.Release|Any CPU.ActiveCfg = Release|Any CPU
		{13927432-25E6-4479-BF2C-5472A919B16D}.Release|Any CPU.Build.0 = Release|Any CPU
	EndGlobalSection
	GlobalSection(SolutionProperties) = preSolution
		HideSolutionNode = FALSE
	EndGlobalSection
	GlobalSection(ExtensibilityGlobals) = postSolution
		SolutionGuid = {97FC80ED-354D-4052-B3B4-2820686A66E1}
	EndGlobalSection
EndGlobal
